<?xml version="1.0" encoding="utf-8"?>
<Project ToolsVersion="4.0" xmlns="http://schemas.microsoft.com/developer/msbuild/2003">
  <ItemGroup>
    <Filter Include="Header Files">
      <UniqueIdentifier>{93995380-89BD-4b04-88EB-625FBE52EBFB}</UniqueIdentifier>
      <Extensions>h;hh;hpp;hxx;h++;hm;inl;inc;ipp;xsd</Extensions>
    </Filter>
    <Filter Include="Resource Files">
      <UniqueIdentifier>{67DA6AB6-F800-4c08-8B7A-83BB121AAD01}</UniqueIdentifier>
      <Extensions>rc;ico;cur;bmp;dlg;rc2;rct;bin;rgs;gif;jpg;jpeg;jpe;resx;tiff;tif;png;wav;mfcribbon-ms</Extensions>
    </Filter>
    <Filter Include="Shared">
      <UniqueIdentifier>{8727f5b1-0c11-42b1-ab4a-1d4f1be83996}</UniqueIdentifier>
    </Filter>
    <Filter Include="Shared\Entities">
      <UniqueIdentifier>{b8d61b4a-ce72-4914-9ad1-395b89b46f0e}</UniqueIdentifier>
    </Filter>
    <Filter Include="Server">
      <UniqueIdentifier>{4FC737F1-C7A5-4376-A066-2A32D752A2FF}</UniqueIdentifier>
      <Extensions>cpp;c;cc;cxx;c++;cppm;ixx;def;odl;idl;hpj;bat;asm;asmx</Extensions>
    </Filter>
    <Filter Include="Server\Network">
      <UniqueIdentifier>{86e3e49d-eca3-4df3-b645-b6c72e06370b}</UniqueIdentifier>
    </Filter>
    <Filter Include="Shared\Network">
      <UniqueIdentifier>{cdc21b7f-5a25-48a2-be39-bd9817b81406}</UniqueIdentifier>
    </Filter>
    <Filter Include="Server\Streamer">
      <UniqueIdentifier>{f0ce49c9-53cd-4303-b6ca-d55e885a9f56}</UniqueIdentifier>
    </Filter>
    <Filter Include="Shared\ClientCmd">
      <UniqueIdentifier>{565dc121-4b20-483f-98fa-10ec19490797}</UniqueIdentifier>
    </Filter>
    <Filter Include="Server\PacketHandler">
      <UniqueIdentifier>{78ecd5f1-0e82-4851-85cf-0ba69bdbcfc5}</UniqueIdentifier>
    </Filter>
    <Filter Include="Shared\Grid">
      <UniqueIdentifier>{6ca31d98-7baa-46c7-aaa4-c2fb0fa5be2e}</UniqueIdentifier>
    </Filter>
  </ItemGroup>
  <ItemGroup>
    <ClCompile Include="Server.cpp">
      <Filter>Server</Filter>
    </ClCompile>
    <ClCompile Include="..\Shared\Entities\Player.cpp">
      <Filter>Shared\Entities</Filter>
    </ClCompile>
    <ClCompile Include="..\Shared\Entities\Ped.cpp">
      <Filter>Shared\Entities</Filter>
    </ClCompile>
    <ClCompile Include="Network.cpp">
      <Filter>Server\Network</Filter>
    </ClCompile>
    <ClCompile Include="Streamer.cpp">
      <Filter>Server\Streamer</Filter>
    </ClCompile>
    <ClCompile Include="..\Shared\Network\NetworkPacket.cpp">
      <Filter>Shared\Network</Filter>
    </ClCompile>
    <ClCompile Include="main.cpp">
      <Filter>Server</Filter>
    </ClCompile>
    <ClCompile Include="PacketHandler.cpp">
      <Filter>Server\PacketHandler</Filter>
    </ClCompile>
    <ClCompile Include="ProcessCreateMove.cpp">
      <Filter>Server\PacketHandler</Filter>
    </ClCompile>
    <ClCompile Include="..\Shared\Entities\Entity.cpp">
      <Filter>Server</Filter>
    </ClCompile>
  </ItemGroup>
  <ItemGroup>
    <ClInclude Include="..\Shared\Entities\Player.hpp">
      <Filter>Shared\Entities</Filter>
    </ClInclude>
    <ClInclude Include="..\Shared\Entities\Entity.hpp">
      <Filter>Shared\Entities</Filter>
    </ClInclude>
    <ClInclude Include="..\Shared\Entities\Ped.hpp">
      <Filter>Shared\Entities</Filter>
    </ClInclude>
    <ClInclude Include="Network.h">
      <Filter>Server\Network</Filter>
    </ClInclude>
    <ClInclude Include="Server.hpp">
      <Filter>Server</Filter>
    </ClInclude>
    <ClInclude Include="..\Shared\Entities\Entities.hpp">
      <Filter>Shared\Entities</Filter>
    </ClInclude>
    <ClInclude Include="Streamer.hpp">
      <Filter>Server\Streamer</Filter>
    </ClInclude>
    <ClInclude Include="..\Shared\Network\NetworkPacket.hpp">
      <Filter>Shared\Network</Filter>
    </ClInclude>
    <ClInclude Include="..\Shared\Network\NetworkDefinitions.hpp">
      <Filter>Shared\Network</Filter>
    </ClInclude>
    <ClInclude Include="..\Shared\ClientCmd\ClientCmd.hpp">
      <Filter>Header Files</Filter>
    </ClInclude>
    <ClInclude Include="PacketHandler.hpp">
      <Filter>Server\PacketHandler</Filter>
    </ClInclude>
    <ClInclude Include="..\Shared\Gridmap\Grid.hpp">
      <Filter>Shared\Grid</Filter>
    </ClInclude>
    <ClInclude Include="..\Shared\ClientCmd\LagRecord.hpp">
      <Filter>Shared\ClientCmd</Filter>
    </ClInclude>
  </ItemGroup>
</Project>